
Microsoft Visual Studio Solution File, Format Version 12.00
# Visual Studio Version 17
VisualStudioVersion = 17.5.002.0
MinimumVisualStudioVersion = 10.0.40219.1
Project("{9A19103F-16F7-4668-BE54-9A1E7A4F7556}") = "api", "api.csproj", "{8AB4D79E-54D0-40E5-B8D1-CA428C94DF30}"
EndProject
Global
	GlobalSection(SolutionConfigurationPlatforms) = preSolution
		Debug|Any CPU = Debug|Any CPU
		Release|Any CPU = Release|Any CPU
	EndGlobalSection
	GlobalSection(ProjectConfigurationPlatforms) = postSolution
		{8AB4D79E-54D0-40E5-B8D1-CA428C94DF30}.Debug|Any CPU.ActiveCfg = Debug|Any CPU
		{8AB4D79E-54D0-40E5-B8D1-CA428C94DF30}.Debug|Any CPU.Build.0 = Debug|Any CPU
		{8AB4D79E-54D0-40E5-B8D1-CA428C94DF30}.Release|Any CPU.ActiveCfg = Release|Any CPU
		{8AB4D79E-54D0-40E5-B8D1-CA428C94DF30}.Release|Any CPU.Build.0 = Release|Any CPU
	EndGlobalSection
	GlobalSection(SolutionProperties) = preSolution
		HideSolutionNode = FALSE
	EndGlobalSection
	GlobalSection(ExtensibilityGlobals) = postSolution
		SolutionGuid = {63CE202D-A49B-4B9D-BDE4-0BC1BE629DD9}
	EndGlobalSection
EndGlobal
